
Microsoft Visual Studio Solution File, Format Version 12.00
# Visual Studio 15
VisualStudioVersion = 15.0.27130.2010
MinimumVisualStudioVersion = 10.0.40219.1
Project("{FAE04EC0-301F-11D3-BF4B-00C04F79EFBC}") = "WindowsFormsApp05", "WindowsFormsApp05\WindowsFormsApp05.csproj", "{4C62DCD7-4852-4581-8D93-B2BBEB35ED81}"
EndProject
Project("{FAE04EC0-301F-11D3-BF4B-00C04F79EFBC}") = "ClassLibrary2", "ClassLibrary2\ClassLibrary2.csproj", "{0214713F-3763-4AE5-85C4-815A013C9DB2}"
EndProject
Global
	GlobalSection(SolutionConfigurationPlatforms) = preSolution
		Debug|Any CPU = Debug|Any CPU
		Release|Any CPU = Release|Any CPU
	EndGlobalSection
	GlobalSection(ProjectConfigurationPlatforms) = postSolution
		{4C62DCD7-4852-4581-8D93-B2BBEB35ED81}.Debug|Any CPU.ActiveCfg = Debug|Any CPU
		{4C62DCD7-4852-4581-8D93-B2BBEB35ED81}.Debug|Any CPU.Build.0 = Debug|Any CPU
		{4C62DCD7-4852-4581-8D93-B2BBEB35ED81}.Release|Any CPU.ActiveCfg = Release|Any CPU
		{4C62DCD7-4852-4581-8D93-B2BBEB35ED81}.Release|Any CPU.Build.0 = Release|Any CPU
		{0214713F-3763-4AE5-85C4-815A013C9DB2}.Debug|Any CPU.ActiveCfg = Debug|Any CPU
		{0214713F-3763-4AE5-85C4-815A013C9DB2}.Debug|Any CPU.Build.0 = Debug|Any CPU
		{0214713F-3763-4AE5-85C4-815A013C9DB2}.Release|Any CPU.ActiveCfg = Release|Any CPU
		{0214713F-3763-4AE5-85C4-815A013C9DB2}.Release|Any CPU.Build.0 = Release|Any CPU
	EndGlobalSection
	GlobalSection(SolutionProperties) = preSolution
		HideSolutionNode = FALSE
	EndGlobalSection
	GlobalSection(ExtensibilityGlobals) = postSolution
		SolutionGuid = {532AE3C4-CF08-4862-94D2-738267B0EB7C}
	EndGlobalSection
EndGlobal
